
Microsoft Visual Studio Solution File, Format Version 12.00
# Visual Studio Version 17
VisualStudioVersion = 17.7.34221.43
MinimumVisualStudioVersion = 10.0.40219.1
Project("{FAE04EC0-301F-11D3-BF4B-00C04F79EFBC}") = "ConsoleApp1", "ConsoleApp1\ConsoleApp1.csproj", "{1CA98FF2-D251-4759-BC22-3BB2E9319899}"
EndProject
Global
	GlobalSection(SolutionConfigurationPlatforms) = preSolution
		Debug|Any CPU = Debug|Any CPU
		Release|Any CPU = Release|Any CPU
	EndGlobalSection
	GlobalSection(ProjectConfigurationPlatforms) = postSolution
		{1CA98FF2-D251-4759-BC22-3BB2E9319899}.Debug|Any CPU.ActiveCfg = Debug|Any CPU
		{1CA98FF2-D251-4759-BC22-3BB2E9319899}.Debug|Any CPU.Build.0 = Debug|Any CPU
		{1CA98FF2-D251-4759-BC22-3BB2E9319899}.Release|Any CPU.ActiveCfg = Release|Any CPU
		{1CA98FF2-D251-4759-BC22-3BB2E9319899}.Release|Any CPU.Build.0 = Release|Any CPU
	EndGlobalSection
	GlobalSection(SolutionProperties) = preSolution
		HideSolutionNode = FALSE
	EndGlobalSection
	GlobalSection(ExtensibilityGlobals) = postSolution
		SolutionGuid = {4F8A4AF0-2C7D-4CD6-A71F-B5A9864DDA4D}
	EndGlobalSection
EndGlobal
