
Microsoft Visual Studio Solution File, Format Version 12.00
# Visual Studio Version 17
VisualStudioVersion = 17.7.34221.43
MinimumVisualStudioVersion = 10.0.40219.1
Project("{FAE04EC0-301F-11D3-BF4B-00C04F79EFBC}") = "Geography Now.", "..\Geography Now\Geography Now\Geography Now..csproj", "{A8AAA09F-A97B-47C5-A100-7EADF6B70698}"
EndProject
Global
	GlobalSection(SolutionConfigurationPlatforms) = preSolution
		Debug|Any CPU = Debug|Any CPU
		Release|Any CPU = Release|Any CPU
	EndGlobalSection
	GlobalSection(ProjectConfigurationPlatforms) = postSolution
		{A8AAA09F-A97B-47C5-A100-7EADF6B70698}.Debug|Any CPU.ActiveCfg = Debug|Any CPU
		{A8AAA09F-A97B-47C5-A100-7EADF6B70698}.Debug|Any CPU.Build.0 = Debug|Any CPU
		{A8AAA09F-A97B-47C5-A100-7EADF6B70698}.Release|Any CPU.ActiveCfg = Release|Any CPU
		{A8AAA09F-A97B-47C5-A100-7EADF6B70698}.Release|Any CPU.Build.0 = Release|Any CPU
	EndGlobalSection
	GlobalSection(SolutionProperties) = preSolution
		HideSolutionNode = FALSE
	EndGlobalSection
	GlobalSection(ExtensibilityGlobals) = postSolution
		SolutionGuid = {9A87EC6E-57E7-4EBC-9F18-11B9C1FE2F46}
	EndGlobalSection
EndGlobal
