
Microsoft Visual Studio Solution File, Format Version 12.00
# Visual Studio Version 17
VisualStudioVersion = 17.7.34221.43
MinimumVisualStudioVersion = 10.0.40219.1
Project("{FAE04EC0-301F-11D3-BF4B-00C04F79EFBC}") = "Practice_9", "Practice_9\Practice_9.csproj", "{CE38966E-9A64-4CEB-9AE9-CE521BBD3E2D}"
EndProject
Global
	GlobalSection(SolutionConfigurationPlatforms) = preSolution
		Debug|Any CPU = Debug|Any CPU
		Release|Any CPU = Release|Any CPU
	EndGlobalSection
	GlobalSection(ProjectConfigurationPlatforms) = postSolution
		{CE38966E-9A64-4CEB-9AE9-CE521BBD3E2D}.Debug|Any CPU.ActiveCfg = Debug|Any CPU
		{CE38966E-9A64-4CEB-9AE9-CE521BBD3E2D}.Debug|Any CPU.Build.0 = Debug|Any CPU
		{CE38966E-9A64-4CEB-9AE9-CE521BBD3E2D}.Release|Any CPU.ActiveCfg = Release|Any CPU
		{CE38966E-9A64-4CEB-9AE9-CE521BBD3E2D}.Release|Any CPU.Build.0 = Release|Any CPU
	EndGlobalSection
	GlobalSection(SolutionProperties) = preSolution
		HideSolutionNode = FALSE
	EndGlobalSection
	GlobalSection(ExtensibilityGlobals) = postSolution
		SolutionGuid = {F7E4C84E-7EDE-4511-9DE4-BF41141E62BA}
	EndGlobalSection
EndGlobal
