
Microsoft Visual Studio Solution File, Format Version 12.00
# Visual Studio Version 17
VisualStudioVersion = 17.7.34221.43
MinimumVisualStudioVersion = 10.0.40219.1
Project("{9A19103F-16F7-4668-BE54-9A1E7A4F7556}") = "Forum.API", "Forum.API\Forum.API.csproj", "{5D793AEA-5311-4B1A-96BC-18F686420BA0}"
EndProject
Project("{2150E333-8FDC-42A3-9474-1A3956D46DE8}") = "src", "src", "{3FA55FB4-A4E8-42DE-93FD-6F3B36A41889}"
EndProject
Project("{2150E333-8FDC-42A3-9474-1A3956D46DE8}") = "core", "core", "{C5E8BEC3-E825-4D1F-9026-3EFDD5FDBEDF}"
EndProject
Project("{2150E333-8FDC-42A3-9474-1A3956D46DE8}") = "infrastructures", "infrastructures", "{5CF37B98-F310-4A9F-A257-E61E3E57E738}"
EndProject
Project("{2150E333-8FDC-42A3-9474-1A3956D46DE8}") = "presentation", "presentation", "{88E36AC0-1662-4308-B675-526FA99AC2B6}"
EndProject
Project("{2150E333-8FDC-42A3-9474-1A3956D46DE8}") = "testing", "testing", "{AE6DE53F-1923-476A-AAC3-C196282392D9}"
EndProject
Project("{9A19103F-16F7-4668-BE54-9A1E7A4F7556}") = "Forum.Domain", "Forum.Domain\Forum.Domain.csproj", "{9038794E-C8F7-4307-8BA5-DEFEDB06E013}"
EndProject
Project("{9A19103F-16F7-4668-BE54-9A1E7A4F7556}") = "Forum.Application", "Forum.Application\Forum.Application.csproj", "{6C506DCA-305E-4A0A-8173-518BCEB029A9}"
EndProject
Project("{9A19103F-16F7-4668-BE54-9A1E7A4F7556}") = "Forum.Persistence", "Forum.Persistence\Forum.Persistence.csproj", "{EC34CFD8-EBD0-4C3B-BCF4-27E21579363D}"
EndProject
Project("{9A19103F-16F7-4668-BE54-9A1E7A4F7556}") = "Forum.Web", "Forum.Web\Forum.Web.csproj", "{1F521737-EF05-4C6C-B19F-6E08B8CDC4CC}"
EndProject
Project("{9A19103F-16F7-4668-BE54-9A1E7A4F7556}") = "Forum.Infrastructure", "Forum.Infrastructure\Forum.Infrastructure.csproj", "{A20AF699-1E3A-41DF-8B4D-20C3B653C001}"
EndProject
Global
	GlobalSection(SolutionConfigurationPlatforms) = preSolution
		Debug|Any CPU = Debug|Any CPU
		Release|Any CPU = Release|Any CPU
	EndGlobalSection
	GlobalSection(ProjectConfigurationPlatforms) = postSolution
		{5D793AEA-5311-4B1A-96BC-18F686420BA0}.Debug|Any CPU.ActiveCfg = Debug|Any CPU
		{5D793AEA-5311-4B1A-96BC-18F686420BA0}.Debug|Any CPU.Build.0 = Debug|Any CPU
		{5D793AEA-5311-4B1A-96BC-18F686420BA0}.Release|Any CPU.ActiveCfg = Release|Any CPU
		{5D793AEA-5311-4B1A-96BC-18F686420BA0}.Release|Any CPU.Build.0 = Release|Any CPU
		{9038794E-C8F7-4307-8BA5-DEFEDB06E013}.Debug|Any CPU.ActiveCfg = Debug|Any CPU
		{9038794E-C8F7-4307-8BA5-DEFEDB06E013}.Debug|Any CPU.Build.0 = Debug|Any CPU
		{9038794E-C8F7-4307-8BA5-DEFEDB06E013}.Release|Any CPU.ActiveCfg = Release|Any CPU
		{9038794E-C8F7-4307-8BA5-DEFEDB06E013}.Release|Any CPU.Build.0 = Release|Any CPU
		{6C506DCA-305E-4A0A-8173-518BCEB029A9}.Debug|Any CPU.ActiveCfg = Debug|Any CPU
		{6C506DCA-305E-4A0A-8173-518BCEB029A9}.Debug|Any CPU.Build.0 = Debug|Any CPU
		{6C506DCA-305E-4A0A-8173-518BCEB029A9}.Release|Any CPU.ActiveCfg = Release|Any CPU
		{6C506DCA-305E-4A0A-8173-518BCEB029A9}.Release|Any CPU.Build.0 = Release|Any CPU
		{EC34CFD8-EBD0-4C3B-BCF4-27E21579363D}.Debug|Any CPU.ActiveCfg = Debug|Any CPU
		{EC34CFD8-EBD0-4C3B-BCF4-27E21579363D}.Debug|Any CPU.Build.0 = Debug|Any CPU
		{EC34CFD8-EBD0-4C3B-BCF4-27E21579363D}.Release|Any CPU.ActiveCfg = Release|Any CPU
		{EC34CFD8-EBD0-4C3B-BCF4-27E21579363D}.Release|Any CPU.Build.0 = Release|Any CPU
		{1F521737-EF05-4C6C-B19F-6E08B8CDC4CC}.Debug|Any CPU.ActiveCfg = Debug|Any CPU
		{1F521737-EF05-4C6C-B19F-6E08B8CDC4CC}.Debug|Any CPU.Build.0 = Debug|Any CPU
		{1F521737-EF05-4C6C-B19F-6E08B8CDC4CC}.Release|Any CPU.ActiveCfg = Release|Any CPU
		{1F521737-EF05-4C6C-B19F-6E08B8CDC4CC}.Release|Any CPU.Build.0 = Release|Any CPU
		{A20AF699-1E3A-41DF-8B4D-20C3B653C001}.Debug|Any CPU.ActiveCfg = Debug|Any CPU
		{A20AF699-1E3A-41DF-8B4D-20C3B653C001}.Debug|Any CPU.Build.0 = Debug|Any CPU
		{A20AF699-1E3A-41DF-8B4D-20C3B653C001}.Release|Any CPU.ActiveCfg = Release|Any CPU
		{A20AF699-1E3A-41DF-8B4D-20C3B653C001}.Release|Any CPU.Build.0 = Release|Any CPU
	EndGlobalSection
	GlobalSection(SolutionProperties) = preSolution
		HideSolutionNode = FALSE
	EndGlobalSection
	GlobalSection(NestedProjects) = preSolution
		{5D793AEA-5311-4B1A-96BC-18F686420BA0} = {88E36AC0-1662-4308-B675-526FA99AC2B6}
		{C5E8BEC3-E825-4D1F-9026-3EFDD5FDBEDF} = {3FA55FB4-A4E8-42DE-93FD-6F3B36A41889}
		{5CF37B98-F310-4A9F-A257-E61E3E57E738} = {3FA55FB4-A4E8-42DE-93FD-6F3B36A41889}
		{88E36AC0-1662-4308-B675-526FA99AC2B6} = {3FA55FB4-A4E8-42DE-93FD-6F3B36A41889}
		{AE6DE53F-1923-476A-AAC3-C196282392D9} = {3FA55FB4-A4E8-42DE-93FD-6F3B36A41889}
		{9038794E-C8F7-4307-8BA5-DEFEDB06E013} = {C5E8BEC3-E825-4D1F-9026-3EFDD5FDBEDF}
		{6C506DCA-305E-4A0A-8173-518BCEB029A9} = {C5E8BEC3-E825-4D1F-9026-3EFDD5FDBEDF}
		{EC34CFD8-EBD0-4C3B-BCF4-27E21579363D} = {5CF37B98-F310-4A9F-A257-E61E3E57E738}
		{1F521737-EF05-4C6C-B19F-6E08B8CDC4CC} = {88E36AC0-1662-4308-B675-526FA99AC2B6}
		{A20AF699-1E3A-41DF-8B4D-20C3B653C001} = {5CF37B98-F310-4A9F-A257-E61E3E57E738}
	EndGlobalSection
	GlobalSection(ExtensibilityGlobals) = postSolution
		SolutionGuid = {F4B57303-8DB7-4530-9844-425CBE0DF54D}
	EndGlobalSection
EndGlobal
