
Microsoft Visual Studio Solution File, Format Version 12.00
# Visual Studio Version 17
VisualStudioVersion = 17.7.34221.43
MinimumVisualStudioVersion = 10.0.40219.1
Project("{FAE04EC0-301F-11D3-BF4B-00C04F79EFBC}") = "Practice_3", "Practice_3\Practice_3.csproj", "{294FDBFF-E52F-48B8-BFF3-E8264B989489}"
EndProject
Global
	GlobalSection(SolutionConfigurationPlatforms) = preSolution
		Debug|Any CPU = Debug|Any CPU
		Release|Any CPU = Release|Any CPU
	EndGlobalSection
	GlobalSection(ProjectConfigurationPlatforms) = postSolution
		{294FDBFF-E52F-48B8-BFF3-E8264B989489}.Debug|Any CPU.ActiveCfg = Debug|Any CPU
		{294FDBFF-E52F-48B8-BFF3-E8264B989489}.Debug|Any CPU.Build.0 = Debug|Any CPU
		{294FDBFF-E52F-48B8-BFF3-E8264B989489}.Release|Any CPU.ActiveCfg = Release|Any CPU
		{294FDBFF-E52F-48B8-BFF3-E8264B989489}.Release|Any CPU.Build.0 = Release|Any CPU
	EndGlobalSection
	GlobalSection(SolutionProperties) = preSolution
		HideSolutionNode = FALSE
	EndGlobalSection
	GlobalSection(ExtensibilityGlobals) = postSolution
		SolutionGuid = {F33C783C-551C-4BED-A162-618A8ADB7751}
	EndGlobalSection
EndGlobal
